// !$*UTF8*$!
{
	archiveVersion = 1;
	classes = {
	};
	objectVersion = 56;
	objects = {

/* Begin PBXBuildFile section */
		2B8C4B3A2B94395000CC9226 /* WidgetKit.framework in Frameworks */ = {isa = PBXBuildFile; fileRef = 2B8C4B392B94395000CC9226 /* WidgetKit.framework */; };
		2B8C4B3C2B94395000CC9226 /* SwiftUI.framework in Frameworks */ = {isa = PBXBuildFile; fileRef = 2B8C4B3B2B94395000CC9226 /* SwiftUI.framework */; };
		2B8C4B3F2B94395000CC9226 /* MainWidgetKitsBundle.swift in Sources */ = {isa = PBXBuildFile; fileRef = 2B8C4B3E2B94395000CC9226 /* MainWidgetKitsBundle.swift */; };
		2B8C4B412B94395000CC9226 /* MainWidgetKits.swift in Sources */ = {isa = PBXBuildFile; fileRef = 2B8C4B402B94395000CC9226 /* MainWidgetKits.swift */; };
		2B8C4B432B94395100CC9226 /* Assets.xcassets in Resources */ = {isa = PBXBuildFile; fileRef = 2B8C4B422B94395100CC9226 /* Assets.xcassets */; };
		2B8C4B472B94395100CC9226 /* MainWidgetKitsExtension.appex in Embed Foundation Extensions */ = {isa = PBXBuildFile; fileRef = 2B8C4B372B94395000CC9226 /* MainWidgetKitsExtension.appex */; settings = {ATTRIBUTES = (RemoveHeadersOnCopy, ); }; };
		2BE21FFC2B91C17F009CED3B /* WidgetKitsApp.swift in Sources */ = {isa = PBXBuildFile; fileRef = 2BE21FFB2B91C17F009CED3B /* WidgetKitsApp.swift */; };
		2BE21FFE2B91C17F009CED3B /* ContentView.swift in Sources */ = {isa = PBXBuildFile; fileRef = 2BE21FFD2B91C17F009CED3B /* ContentView.swift */; };
		2BE220002B91C180009CED3B /* Assets.xcassets in Resources */ = {isa = PBXBuildFile; fileRef = 2BE21FFF2B91C180009CED3B /* Assets.xcassets */; };
		2BE220032B91C180009CED3B /* Preview Assets.xcassets in Resources */ = {isa = PBXBuildFile; fileRef = 2BE220022B91C180009CED3B /* Preview Assets.xcassets */; };
/* End PBXBuildFile section */

/* Begin PBXContainerItemProxy section */
		2B8C4B452B94395100CC9226 /* PBXContainerItemProxy */ = {
			isa = PBXContainerItemProxy;
			containerPortal = 2BE21FF02B91C17F009CED3B /* Project object */;
			proxyType = 1;
			remoteGlobalIDString = 2B8C4B362B94395000CC9226;
			remoteInfo = MainWidgetKitsExtension;
		};
/* End PBXContainerItemProxy section */

/* Begin PBXCopyFilesBuildPhase section */
		2B8C4B482B94395100CC9226 /* Embed Foundation Extensions */ = {
			isa = PBXCopyFilesBuildPhase;
			buildActionMask = 2147483647;
			dstPath = "";
			dstSubfolderSpec = 13;
			files = (
				2B8C4B472B94395100CC9226 /* MainWidgetKitsExtension.appex in Embed Foundation Extensions */,
			);
			name = "Embed Foundation Extensions";
			runOnlyForDeploymentPostprocessing = 0;
		};
/* End PBXCopyFilesBuildPhase section */

/* Begin PBXFileReference section */
		2B8C4B372B94395000CC9226 /* MainWidgetKitsExtension.appex */ = {isa = PBXFileReference; explicitFileType = "wrapper.app-extension"; includeInIndex = 0; path = MainWidgetKitsExtension.appex; sourceTree = BUILT_PRODUCTS_DIR; };
		2B8C4B392B94395000CC9226 /* WidgetKit.framework */ = {isa = PBXFileReference; lastKnownFileType = wrapper.framework; name = WidgetKit.framework; path = System/Library/Frameworks/WidgetKit.framework; sourceTree = SDKROOT; };
		2B8C4B3B2B94395000CC9226 /* SwiftUI.framework */ = {isa = PBXFileReference; lastKnownFileType = wrapper.framework; name = SwiftUI.framework; path = System/Library/Frameworks/SwiftUI.framework; sourceTree = SDKROOT; };
		2B8C4B3E2B94395000CC9226 /* MainWidgetKitsBundle.swift */ = {isa = PBXFileReference; lastKnownFileType = sourcecode.swift; path = MainWidgetKitsBundle.swift; sourceTree = "<group>"; };
		2B8C4B402B94395000CC9226 /* MainWidgetKits.swift */ = {isa = PBXFileReference; lastKnownFileType = sourcecode.swift; path = MainWidgetKits.swift; sourceTree = "<group>"; };
		2B8C4B422B94395100CC9226 /* Assets.xcassets */ = {isa = PBXFileReference; lastKnownFileType = folder.assetcatalog; path = Assets.xcassets; sourceTree = "<group>"; };
		2B8C4B442B94395100CC9226 /* Info.plist */ = {isa = PBXFileReference; lastKnownFileType = text.plist.xml; path = Info.plist; sourceTree = "<group>"; };
		2BE21FF82B91C17F009CED3B /* WidgetKits.app */ = {isa = PBXFileReference; explicitFileType = wrapper.application; includeInIndex = 0; path = WidgetKits.app; sourceTree = BUILT_PRODUCTS_DIR; };
		2BE21FFB2B91C17F009CED3B /* WidgetKitsApp.swift */ = {isa = PBXFileReference; lastKnownFileType = sourcecode.swift; path = WidgetKitsApp.swift; sourceTree = "<group>"; };
		2BE21FFD2B91C17F009CED3B /* ContentView.swift */ = {isa = PBXFileReference; lastKnownFileType = sourcecode.swift; path = ContentView.swift; sourceTree = "<group>"; };
		2BE21FFF2B91C180009CED3B /* Assets.xcassets */ = {isa = PBXFileReference; lastKnownFileType = folder.assetcatalog; path = Assets.xcassets; sourceTree = "<group>"; };
		2BE220022B91C180009CED3B /* Preview Assets.xcassets */ = {isa = PBXFileReference; lastKnownFileType = folder.assetcatalog; path = "Preview Assets.xcassets"; sourceTree = "<group>"; };
/* End PBXFileReference section */

/* Begin PBXFrameworksBuildPhase section */
		2B8C4B342B94395000CC9226 /* Frameworks */ = {
			isa = PBXFrameworksBuildPhase;
			buildActionMask = 2147483647;
			files = (
				2B8C4B3C2B94395000CC9226 /* SwiftUI.framework in Frameworks */,
				2B8C4B3A2B94395000CC9226 /* WidgetKit.framework in Frameworks */,
			);
			runOnlyForDeploymentPostprocessing = 0;
		};
		2BE21FF52B91C17F009CED3B /* Frameworks */ = {
			isa = PBXFrameworksBuildPhase;
			buildActionMask = 2147483647;
			files = (
			);
			runOnlyForDeploymentPostprocessing = 0;
		};
/* End PBXFrameworksBuildPhase section */

/* Begin PBXGroup section */
		2B8C4B382B94395000CC9226 /* Frameworks */ = {
			isa = PBXGroup;
			children = (
				2B8C4B392B94395000CC9226 /* WidgetKit.framework */,
				2B8C4B3B2B94395000CC9226 /* SwiftUI.framework */,
			);
			name = Frameworks;
			sourceTree = "<group>";
		};
		2B8C4B3D2B94395000CC9226 /* MainWidgetKits */ = {
			isa = PBXGroup;
			children = (
				2B8C4B3E2B94395000CC9226 /* MainWidgetKitsBundle.swift */,
				2B8C4B402B94395000CC9226 /* MainWidgetKits.swift */,
				2B8C4B422B94395100CC9226 /* Assets.xcassets */,
				2B8C4B442B94395100CC9226 /* Info.plist */,
			);
			path = MainWidgetKits;
			sourceTree = "<group>";
		};
		2BE21FEF2B91C17F009CED3B = {
			isa = PBXGroup;
			children = (
				2BE21FFA2B91C17F009CED3B /* WidgetKits */,
				2B8C4B3D2B94395000CC9226 /* MainWidgetKits */,
				2B8C4B382B94395000CC9226 /* Frameworks */,
				2BE21FF92B91C17F009CED3B /* Products */,
			);
			sourceTree = "<group>";
		};
		2BE21FF92B91C17F009CED3B /* Products */ = {
			isa = PBXGroup;
			children = (
				2BE21FF82B91C17F009CED3B /* WidgetKits.app */,
				2B8C4B372B94395000CC9226 /* MainWidgetKitsExtension.appex */,
			);
			name = Products;
			sourceTree = "<group>";
		};
		2BE21FFA2B91C17F009CED3B /* WidgetKits */ = {
			isa = PBXGroup;
			children = (
				2BE21FFB2B91C17F009CED3B /* WidgetKitsApp.swift */,
				2BE21FFD2B91C17F009CED3B /* ContentView.swift */,
				2BE21FFF2B91C180009CED3B /* Assets.xcassets */,
				2BE220012B91C180009CED3B /* Preview Content */,
			);
			path = WidgetKits;
			sourceTree = "<group>";
		};
		2BE220012B91C180009CED3B /* Preview Content */ = {
			isa = PBXGroup;
			children = (
				2BE220022B91C180009CED3B /* Preview Assets.xcassets */,
			);
			path = "Preview Content";
			sourceTree = "<group>";
		};
/* End PBXGroup section */

/* Begin PBXNativeTarget section */
		2B8C4B362B94395000CC9226 /* MainWidgetKitsExtension */ = {
			isa = PBXNativeTarget;
			buildConfigurationList = 2B8C4B4B2B94395100CC9226 /* Build configuration list for PBXNativeTarget "MainWidgetKitsExtension" */;
			buildPhases = (
				2B8C4B332B94395000CC9226 /* Sources */,
				2B8C4B342B94395000CC9226 /* Frameworks */,
				2B8C4B352B94395000CC9226 /* Resources */,
			);
			buildRules = (
			);
			dependencies = (
			);
			name = MainWidgetKitsExtension;
			productName = MainWidgetKitsExtension;
			productReference = 2B8C4B372B94395000CC9226 /* MainWidgetKitsExtension.appex */;
			productType = "com.apple.product-type.app-extension";
		};
		2BE21FF72B91C17F009CED3B /* WidgetKits */ = {
			isa = PBXNativeTarget;
			buildConfigurationList = 2BE220062B91C180009CED3B /* Build configuration list for PBXNativeTarget "WidgetKits" */;
			buildPhases = (
				2BE21FF42B91C17F009CED3B /* Sources */,
				2BE21FF52B91C17F009CED3B /* Frameworks */,
				2BE21FF62B91C17F009CED3B /* Resources */,
				2B8C4B482B94395100CC9226 /* Embed Foundation Extensions */,
			);
			buildRules = (
			);
			dependencies = (
				2B8C4B462B94395100CC9226 /* PBXTargetDependency */,
			);
			name = WidgetKits;
			productName = WidgetKits;
			productReference = 2BE21FF82B91C17F009CED3B /* WidgetKits.app */;
			productType = "com.apple.product-type.application";
		};
/* End PBXNativeTarget section */

/* Begin PBXProject section */
		2BE21FF02B91C17F009CED3B /* Project object */ = {
			isa = PBXProject;
			attributes = {
				BuildIndependentTargetsInParallel = 1;
				LastSwiftUpdateCheck = 1520;
				LastUpgradeCheck = 1520;
				TargetAttributes = {
					2B8C4B362B94395000CC9226 = {
						CreatedOnToolsVersion = 15.2;
					};
					2BE21FF72B91C17F009CED3B = {
						CreatedOnToolsVersion = 15.2;
					};
				};
			};
			buildConfigurationList = 2BE21FF32B91C17F009CED3B /* Build configuration list for PBXProject "WidgetKits" */;
			compatibilityVersion = "Xcode 14.0";
			developmentRegion = en;
			hasScannedForEncodings = 0;
			knownRegions = (
				en,
				Base,
			);
			mainGroup = 2BE21FEF2B91C17F009CED3B;
			productRefGroup = 2BE21FF92B91C17F009CED3B /* Products */;
			projectDirPath = "";
			projectRoot = "";
			targets = (
				2BE21FF72B91C17F009CED3B /* WidgetKits */,
				2B8C4B362B94395000CC9226 /* MainWidgetKitsExtension */,
			);
		};
/* End PBXProject section */

/* Begin PBXResourcesBuildPhase section */
		2B8C4B352B94395000CC9226 /* Resources */ = {
			isa = PBXResourcesBuildPhase;
			buildActionMask = 2147483647;
			files = (
				2B8C4B432B94395100CC9226 /* Assets.xcassets in Resources */,
			);
			runOnlyForDeploymentPostprocessing = 0;
		};
		2BE21FF62B91C17F009CED3B /* Resources */ = {
			isa = PBXResourcesBuildPhase;
			buildActionMask = 2147483647;
			files = (
				2BE220032B91C180009CED3B /* Preview Assets.xcassets in Resources */,
				2BE220002B91C180009CED3B /* Assets.xcassets in Resources */,
			);
			runOnlyForDeploymentPostprocessing = 0;
		};
/* End PBXResourcesBuildPhase section */

/* Begin PBXSourcesBuildPhase section */
		2B8C4B332B94395000CC9226 /* Sources */ = {
			isa = PBXSourcesBuildPhase;
			buildActionMask = 2147483647;
			files = (
				2B8C4B3F2B94395000CC9226 /* MainWidgetKitsBundle.swift in Sources */,
				2B8C4B412B94395000CC9226 /* MainWidgetKits.swift in Sources */,
			);
			runOnlyForDeploymentPostprocessing = 0;
		};
		2BE21FF42B91C17F009CED3B /* Sources */ = {
			isa = PBXSourcesBuildPhase;
			buildActionMask = 2147483647;
			files = (
				2BE21FFE2B91C17F009CED3B /* ContentView.swift in Sources */,
				2BE21FFC2B91C17F009CED3B /* WidgetKitsApp.swift in Sources */,
			);
			runOnlyForDeploymentPostprocessing = 0;
		};
/* End PBXSourcesBuildPhase section */

/* Begin PBXTargetDependency section */
		2B8C4B462B94395100CC9226 /* PBXTargetDependency */ = {
			isa = PBXTargetDependency;
			target = 2B8C4B362B94395000CC9226 /* MainWidgetKitsExtension */;
			targetProxy = 2B8C4B452B94395100CC9226 /* PBXContainerItemProxy */;
		};
/* End PBXTargetDependency section */

/* Begin XCBuildConfiguration section */
		2B8C4B492B94395100CC9226 /* Debug */ = {
			isa = XCBuildConfiguration;
			buildSettings = {
				ASSETCATALOG_COMPILER_GLOBAL_ACCENT_COLOR_NAME = AccentColor;
				ASSETCATALOG_COMPILER_WIDGET_BACKGROUND_COLOR_NAME = WidgetBackground;
				CODE_SIGN_STYLE = Automatic;
				CURRENT_PROJECT_VERSION = 1;
				DEVELOPMENT_TEAM = 25XZW379JD;
				GENERATE_INFOPLIST_FILE = YES;
				INFOPLIST_FILE = MainWidgetKits/Info.plist;
				INFOPLIST_KEY_CFBundleDisplayName = MainWidgetKits;
				INFOPLIST_KEY_NSHumanReadableCopyright = "";
				LD_RUNPATH_SEARCH_PATHS = (
					"$(inherited)",
					"@executable_path/Frameworks",
					"@executable_path/../../Frameworks",
				);
				MARKETING_VERSION = 1.0;
				PRODUCT_BUNDLE_IDENTIFIER = com.downpool.WidgetKits.MainWidgetKits;
				PRODUCT_NAME = "$(TARGET_NAME)";
				SKIP_INSTALL = YES;
				SWIFT_EMIT_LOC_STRINGS = YES;
				SWIFT_VERSION = 5.0;
				TARGETED_DEVICE_FAMILY = "1,2";
			};
			name = Debug;
		};
		2B8C4B4A2B94395100CC9226 /* Release */ = {
			isa = XCBuildConfiguration;
			buildSettings = {
				ASSETCATALOG_COMPILER_GLOBAL_ACCENT_COLOR_NAME = AccentColor;
				ASSETCATALOG_COMPILER_WIDGET_BACKGROUND_COLOR_NAME = WidgetBackground;
				CODE_SIGN_STYLE = Automatic;
				CURRENT_PROJECT_VERSION = 1;
				DEVELOPMENT_TEAM = 25XZW379JD;
				GENERATE_INFOPLIST_FILE = YES;
				INFOPLIST_FILE = MainWidgetKits/Info.plist;
				INFOPLIST_KEY_CFBundleDisplayName = MainWidgetKits;
				INFOPLIST_KEY_NSHumanReadableCopyright = "";
				LD_RUNPATH_SEARCH_PATHS = (
					"$(inherited)",
					"@executable_path/Frameworks",
					"@executable_path/../../Frameworks",
				);
				MARKETING_VERSION = 1.0;
				PRODUCT_BUNDLE_IDENTIFIER = com.downpool.WidgetKits.MainWidgetKits;
				PRODUCT_NAME = "$(TARGET_NAME)";
				SKIP_INSTALL = YES;
				SWIFT_EMIT_LOC_STRINGS = YES;
				SWIFT_VERSION = 5.0;
				TARGETED_DEVICE_FAMILY = "1,2";
			};
			name = Release;
		};
		2BE220042B91C180009CED3B /* Debug */ = {
			isa = XCBuildConfiguration;
			buildSettings = {
				ALWAYS_SEARCH_USER_PATHS = NO;
				ASSETCATALOG_COMPILER_GENERATE_SWIFT_ASSET_SYMBOL_EXTENSIONS = YES;
				CLANG_ANALYZER_NONNULL = YES;
				CLANG_ANALYZER_NUMBER_OBJECT_CONVERSION = YES_AGGRESSIVE;
				CLANG_CXX_LANGUAGE_STANDARD = "gnu++20";
				CLANG_ENABLE_MODULES = YES;
				CLANG_ENABLE_OBJC_ARC = YES;
				CLANG_ENABLE_OBJC_WEAK = YES;
				CLANG_WARN_BLOCK_CAPTURE_AUTORELEASING = YES;
				CLANG_WARN_BOOL_CONVERSION = YES;
				CLANG_WARN_COMMA = YES;
				CLANG_WARN_CONSTANT_CONVERSION = YES;
				CLANG_WARN_DEPRECATED_OBJC_IMPLEMENTATIONS = YES;
				CLANG_WARN_DIRECT_OBJC_ISA_USAGE = YES_ERROR;
				CLANG_WARN_DOCUMENTATION_COMMENTS = YES;
				CLANG_WARN_EMPTY_BODY = YES;
				CLANG_WARN_ENUM_CONVERSION = YES;
				CLANG_WARN_INFINITE_RECURSION = YES;
				CLANG_WARN_INT_CONVERSION = YES;
				CLANG_WARN_NON_LITERAL_NULL_CONVERSION = YES;
				CLANG_WARN_OBJC_IMPLICIT_RETAIN_SELF = YES;
				CLANG_WARN_OBJC_LITERAL_CONVERSION = YES;
				CLANG_WARN_OBJC_ROOT_CLASS = YES_ERROR;
				CLANG_WARN_QUOTED_INCLUDE_IN_FRAMEWORK_HEADER = YES;
				CLANG_WARN_RANGE_LOOP_ANALYSIS = YES;
				CLANG_WARN_STRICT_PROTOTYPES = YES;
				CLANG_WARN_SUSPICIOUS_MOVE = YES;
				CLANG_WARN_UNGUARDED_AVAILABILITY = YES_AGGRESSIVE;
				CLANG_WARN_UNREACHABLE_CODE = YES;
				CLANG_WARN__DUPLICATE_METHOD_MATCH = YES;
				COPY_PHASE_STRIP = NO;
				DEBUG_INFORMATION_FORMAT = dwarf;
				ENABLE_STRICT_OBJC_MSGSEND = YES;
				ENABLE_TESTABILITY = YES;
				ENABLE_USER_SCRIPT_SANDBOXING = YES;
				GCC_C_LANGUAGE_STANDARD = gnu17;
				GCC_DYNAMIC_NO_PIC = NO;
				GCC_NO_COMMON_BLOCKS = YES;
				GCC_OPTIMIZATION_LEVEL = 0;
				GCC_PREPROCESSOR_DEFINITIONS = (
					"DEBUG=1",
					"$(inherited)",
				);
				GCC_WARN_64_TO_32_BIT_CONVERSION = YES;
				GCC_WARN_ABOUT_RETURN_TYPE = YES_ERROR;
				GCC_WARN_UNDECLARED_SELECTOR = YES;
				GCC_WARN_UNINITIALIZED_AUTOS = YES_AGGRESSIVE;
				GCC_WARN_UNUSED_FUNCTION = YES;
				GCC_WARN_UNUSED_VARIABLE = YES;
				IPHONEOS_DEPLOYMENT_TARGET = 17.2;
				LOCALIZATION_PREFERS_STRING_CATALOGS = YES;
				MTL_ENABLE_DEBUG_INFO = INCLUDE_SOURCE;
				MTL_FAST_MATH = YES;
				ONLY_ACTIVE_ARCH = YES;
				SDKROOT = iphoneos;
				SWIFT_ACTIVE_COMPILATION_CONDITIONS = "DEBUG $(inherited)";
				SWIFT_OPTIMIZATION_LEVEL = "-Onone";
			};
			name = Debug;
		};
		2BE220052B91C180009CED3B /* Release */ = {
			isa = XCBuildConfiguration;
			buildSettings = {
				ALWAYS_SEARCH_USER_PATHS = NO;
				ASSETCATALOG_COMPILER_GENERATE_SWIFT_ASSET_SYMBOL_EXTENSIONS = YES;
				CLANG_ANALYZER_NONNULL = YES;
				CLANG_ANALYZER_NUMBER_OBJECT_CONVERSION = YES_AGGRESSIVE;
				CLANG_CXX_LANGUAGE_STANDARD = "gnu++20";
				CLANG_ENABLE_MODULES = YES;
				CLANG_ENABLE_OBJC_ARC = YES;
				CLANG_ENABLE_OBJC_WEAK = YES;
				CLANG_WARN_BLOCK_CAPTURE_AUTORELEASING = YES;
				CLANG_WARN_BOOL_CONVERSION = YES;
				CLANG_WARN_COMMA = YES;
				CLANG_WARN_CONSTANT_CONVERSION = YES;
				CLANG_WARN_DEPRECATED_OBJC_IMPLEMENTATIONS = YES;
				CLANG_WARN_DIRECT_OBJC_ISA_USAGE = YES_ERROR;
				CLANG_WARN_DOCUMENTATION_COMMENTS = YES;
				CLANG_WARN_EMPTY_BODY = YES;
				CLANG_WARN_ENUM_CONVERSION = YES;
				CLANG_WARN_INFINITE_RECURSION = YES;
				CLANG_WARN_INT_CONVERSION = YES;
				CLANG_WARN_NON_LITERAL_NULL_CONVERSION = YES;
				CLANG_WARN_OBJC_IMPLICIT_RETAIN_SELF = YES;
				CLANG_WARN_OBJC_LITERAL_CONVERSION = YES;
				CLANG_WARN_OBJC_ROOT_CLASS = YES_ERROR;
				CLANG_WARN_QUOTED_INCLUDE_IN_FRAMEWORK_HEADER = YES;
				CLANG_WARN_RANGE_LOOP_ANALYSIS = YES;
				CLANG_WARN_STRICT_PROTOTYPES = YES;
				CLANG_WARN_SUSPICIOUS_MOVE = YES;
				CLANG_WARN_UNGUARDED_AVAILABILITY = YES_AGGRESSIVE;
				CLANG_WARN_UNREACHABLE_CODE = YES;
				CLANG_WARN__DUPLICATE_METHOD_MATCH = YES;
				COPY_PHASE_STRIP = NO;
				DEBUG_INFORMATION_FORMAT = "dwarf-with-dsym";
				ENABLE_NS_ASSERTIONS = NO;
				ENABLE_STRICT_OBJC_MSGSEND = YES;
				ENABLE_USER_SCRIPT_SANDBOXING = YES;
				GCC_C_LANGUAGE_STANDARD = gnu17;
				GCC_NO_COMMON_BLOCKS = YES;
				GCC_WARN_64_TO_32_BIT_CONVERSION = YES;
				GCC_WARN_ABOUT_RETURN_TYPE = YES_ERROR;
				GCC_WARN_UNDECLARED_SELECTOR = YES;
				GCC_WARN_UNINITIALIZED_AUTOS = YES_AGGRESSIVE;
				GCC_WARN_UNUSED_FUNCTION = YES;
				GCC_WARN_UNUSED_VARIABLE = YES;
				IPHONEOS_DEPLOYMENT_TARGET = 17.2;
				LOCALIZATION_PREFERS_STRING_CATALOGS = YES;
				MTL_ENABLE_DEBUG_INFO = NO;
				MTL_FAST_MATH = YES;
				SDKROOT = iphoneos;
				SWIFT_COMPILATION_MODE = wholemodule;
				VALIDATE_PRODUCT = YES;
			};
			name = Release;
		};
		2BE220072B91C180009CED3B /* Debug */ = {
			isa = XCBuildConfiguration;
			buildSettings = {
				ALWAYS_EMBED_SWIFT_STANDARD_LIBRARIES = YES;
				ASSETCATALOG_COMPILER_APPICON_NAME = AppIcon;
				ASSETCATALOG_COMPILER_GLOBAL_ACCENT_COLOR_NAME = AccentColor;
				CODE_SIGN_STYLE = Automatic;
				CURRENT_PROJECT_VERSION = 1;
				DEVELOPMENT_ASSET_PATHS = "\"WidgetKits/Preview Content\"";
				DEVELOPMENT_TEAM = 25XZW379JD;
				ENABLE_PREVIEWS = YES;
				GENERATE_INFOPLIST_FILE = YES;
				INFOPLIST_KEY_UIApplicationSceneManifest_Generation = YES;
				INFOPLIST_KEY_UIApplicationSupportsIndirectInputEvents = YES;
				INFOPLIST_KEY_UILaunchScreen_Generation = YES;
				INFOPLIST_KEY_UISupportedInterfaceOrientations_iPad = "UIInterfaceOrientationPortrait UIInterfaceOrientationPortraitUpsideDown UIInterfaceOrientationLandscapeLeft UIInterfaceOrientationLandscapeRight";
				INFOPLIST_KEY_UISupportedInterfaceOrientations_iPhone = "UIInterfaceOrientationPortrait UIInterfaceOrientationLandscapeLeft UIInterfaceOrientationLandscapeRight";
				LD_RUNPATH_SEARCH_PATHS = (
					"$(inherited)",
					"@executable_path/Frameworks",
				);
				MARKETING_VERSION = 1.0;
				PRODUCT_BUNDLE_IDENTIFIER = com.downpool.WidgetKits;
				PRODUCT_NAME = "$(TARGET_NAME)";
				SWIFT_EMIT_LOC_STRINGS = YES;
				SWIFT_VERSION = 5.0;
				TARGETED_DEVICE_FAMILY = "1,2";
			};
			name = Debug;
		};
		2BE220082B91C180009CED3B /* Release */ = {
			isa = XCBuildConfiguration;
			buildSettings = {
				ALWAYS_EMBED_SWIFT_STANDARD_LIBRARIES = YES;
				ASSETCATALOG_COMPILER_APPICON_NAME = AppIcon;
				ASSETCATALOG_COMPILER_GLOBAL_ACCENT_COLOR_NAME = AccentColor;
				CODE_SIGN_STYLE = Automatic;
				CURRENT_PROJECT_VERSION = 1;
				DEVELOPMENT_ASSET_PATHS = "\"WidgetKits/Preview Content\"";
				DEVELOPMENT_TEAM = 25XZW379JD;
				ENABLE_PREVIEWS = YES;
				GENERATE_INFOPLIST_FILE = YES;
				INFOPLIST_KEY_UIApplicationSceneManifest_Generation = YES;
				INFOPLIST_KEY_UIApplicationSupportsIndirectInputEvents = YES;
				INFOPLIST_KEY_UILaunchScreen_Generation = YES;
				INFOPLIST_KEY_UISupportedInterfaceOrientations_iPad = "UIInterfaceOrientationPortrait UIInterfaceOrientationPortraitUpsideDown UIInterfaceOrientationLandscapeLeft UIInterfaceOrientationLandscapeRight";
				INFOPLIST_KEY_UISupportedInterfaceOrientations_iPhone = "UIInterfaceOrientationPortrait UIInterfaceOrientationLandscapeLeft UIInterfaceOrientationLandscapeRight";
				LD_RUNPATH_SEARCH_PATHS = (
					"$(inherited)",
					"@executable_path/Frameworks",
				);
				MARKETING_VERSION = 1.0;
				PRODUCT_BUNDLE_IDENTIFIER = com.downpool.WidgetKits;
				PRODUCT_NAME = "$(TARGET_NAME)";
				SWIFT_EMIT_LOC_STRINGS = YES;
				SWIFT_VERSION = 5.0;
				TARGETED_DEVICE_FAMILY = "1,2";
			};
			name = Release;
		};
/* End XCBuildConfiguration section */

/* Begin XCConfigurationList section */
		2B8C4B4B2B94395100CC9226 /* Build configuration list for PBXNativeTarget "MainWidgetKitsExtension" */ = {
			isa = XCConfigurationList;
			buildConfigurations = (
				2B8C4B492B94395100CC9226 /* Debug */,
				2B8C4B4A2B94395100CC9226 /* Release */,
			);
			defaultConfigurationIsVisible = 0;
			defaultConfigurationName = Release;
		};
		2BE21FF32B91C17F009CED3B /* Build configuration list for PBXProject "WidgetKits" */ = {
			isa = XCConfigurationList;
			buildConfigurations = (
				2BE220042B91C180009CED3B /* Debug */,
				2BE220052B91C180009CED3B /* Release */,
			);
			defaultConfigurationIsVisible = 0;
			defaultConfigurationName = Release;
		};
		2BE220062B91C180009CED3B /* Build configuration list for PBXNativeTarget "WidgetKits" */ = {
			isa = XCConfigurationList;
			buildConfigurations = (
				2BE220072B91C180009CED3B /* Debug */,
				2BE220082B91C180009CED3B /* Release */,
			);
			defaultConfigurationIsVisible = 0;
			defaultConfigurationName = Release;
		};
/* End XCConfigurationList section */
	};
	rootObject = 2BE21FF02B91C17F009CED3B /* Project object */;
}
